
Microsoft Visual Studio Solution File, Format Version 12.00
# Visual Studio 14
VisualStudioVersion = 14.0.24720.0
MinimumVisualStudioVersion = 10.0.40219.1
Project("{FAE04EC0-301F-11D3-BF4B-00C04F79EFBC}") = "KataTraining", "KataTraining\KataTraining.csproj", "{6CE2DF8F-466E-4987-A077-06B98EFEA27D}"
EndProject
Project("{FAE04EC0-301F-11D3-BF4B-00C04F79EFBC}") = "KataTranslations", "KataTranslations\KataTranslations.csproj", "{6A9DA771-93AA-4E0E-8340-E98548E4F3AB}"
EndProject
Project("{FAE04EC0-301F-11D3-BF4B-00C04F79EFBC}") = "KataTranslations.Tests", "KataTranslations.Tests\KataTranslations.Tests.csproj", "{6BF5F3F4-BC6C-4ACB-B580-2916660171F1}"
EndProject
Global
	GlobalSection(SolutionConfigurationPlatforms) = preSolution
		Debug|Any CPU = Debug|Any CPU
		Debug|x64 = Debug|x64
		Release|Any CPU = Release|Any CPU
		Release|x64 = Release|x64
	EndGlobalSection
	GlobalSection(ProjectConfigurationPlatforms) = postSolution
		{6CE2DF8F-466E-4987-A077-06B98EFEA27D}.Debug|Any CPU.ActiveCfg = Debug|Any CPU
		{6CE2DF8F-466E-4987-A077-06B98EFEA27D}.Debug|Any CPU.Build.0 = Debug|Any CPU
		{6CE2DF8F-466E-4987-A077-06B98EFEA27D}.Debug|x64.ActiveCfg = Debug|x64
		{6CE2DF8F-466E-4987-A077-06B98EFEA27D}.Debug|x64.Build.0 = Debug|x64
		{6CE2DF8F-466E-4987-A077-06B98EFEA27D}.Release|Any CPU.ActiveCfg = Release|Any CPU
		{6CE2DF8F-466E-4987-A077-06B98EFEA27D}.Release|Any CPU.Build.0 = Release|Any CPU
		{6CE2DF8F-466E-4987-A077-06B98EFEA27D}.Release|x64.ActiveCfg = Release|x64
		{6CE2DF8F-466E-4987-A077-06B98EFEA27D}.Release|x64.Build.0 = Release|x64
		{6A9DA771-93AA-4E0E-8340-E98548E4F3AB}.Debug|Any CPU.ActiveCfg = Debug|Any CPU
		{6A9DA771-93AA-4E0E-8340-E98548E4F3AB}.Debug|Any CPU.Build.0 = Debug|Any CPU
		{6A9DA771-93AA-4E0E-8340-E98548E4F3AB}.Debug|x64.ActiveCfg = Debug|Any CPU
		{6A9DA771-93AA-4E0E-8340-E98548E4F3AB}.Debug|x64.Build.0 = Debug|Any CPU
		{6A9DA771-93AA-4E0E-8340-E98548E4F3AB}.Release|Any CPU.ActiveCfg = Release|Any CPU
		{6A9DA771-93AA-4E0E-8340-E98548E4F3AB}.Release|Any CPU.Build.0 = Release|Any CPU
		{6A9DA771-93AA-4E0E-8340-E98548E4F3AB}.Release|x64.ActiveCfg = Release|Any CPU
		{6A9DA771-93AA-4E0E-8340-E98548E4F3AB}.Release|x64.Build.0 = Release|Any CPU
		{6BF5F3F4-BC6C-4ACB-B580-2916660171F1}.Debug|Any CPU.ActiveCfg = Debug|Any CPU
		{6BF5F3F4-BC6C-4ACB-B580-2916660171F1}.Debug|Any CPU.Build.0 = Debug|Any CPU
		{6BF5F3F4-BC6C-4ACB-B580-2916660171F1}.Debug|x64.ActiveCfg = Debug|Any CPU
		{6BF5F3F4-BC6C-4ACB-B580-2916660171F1}.Debug|x64.Build.0 = Debug|Any CPU
		{6BF5F3F4-BC6C-4ACB-B580-2916660171F1}.Release|Any CPU.ActiveCfg = Release|Any CPU
		{6BF5F3F4-BC6C-4ACB-B580-2916660171F1}.Release|Any CPU.Build.0 = Release|Any CPU
		{6BF5F3F4-BC6C-4ACB-B580-2916660171F1}.Release|x64.ActiveCfg = Release|Any CPU
		{6BF5F3F4-BC6C-4ACB-B580-2916660171F1}.Release|x64.Build.0 = Release|Any CPU
	EndGlobalSection
	GlobalSection(SolutionProperties) = preSolution
		HideSolutionNode = FALSE
	EndGlobalSection
EndGlobal
